
Microsoft Visual Studio Solution File, Format Version 12.00
# Visual Studio Version 16
VisualStudioVersion = 16.0.30114.105
MinimumVisualStudioVersion = 10.0.40219.1
Project("{FAE04EC0-301F-11D3-BF4B-00C04F79EFBC}") = "EF_PB", "EF_ProjectBank\EF_PB.csproj", "{5E05132C-6D0D-4237-81AA-AD7E39E236ED}"
EndProject
Project("{FAE04EC0-301F-11D3-BF4B-00C04F79EFBC}") = "API", "API\API.csproj", "{E499B34F-3293-4A7D-9DDE-FE3F63112C1C}"
EndProject
Project("{FAE04EC0-301F-11D3-BF4B-00C04F79EFBC}") = "Blazor", "Blazor\Blazor.csproj", "{ED03C765-3253-4589-9F9D-66DA039D1759}"
EndProject
Global
	GlobalSection(SolutionConfigurationPlatforms) = preSolution
		Debug|Any CPU = Debug|Any CPU
		Release|Any CPU = Release|Any CPU
	EndGlobalSection
	GlobalSection(SolutionProperties) = preSolution
		HideSolutionNode = FALSE
	EndGlobalSection
	GlobalSection(ProjectConfigurationPlatforms) = postSolution
		{5E05132C-6D0D-4237-81AA-AD7E39E236ED}.Debug|Any CPU.ActiveCfg = Debug|Any CPU
		{5E05132C-6D0D-4237-81AA-AD7E39E236ED}.Debug|Any CPU.Build.0 = Debug|Any CPU
		{5E05132C-6D0D-4237-81AA-AD7E39E236ED}.Release|Any CPU.ActiveCfg = Release|Any CPU
		{5E05132C-6D0D-4237-81AA-AD7E39E236ED}.Release|Any CPU.Build.0 = Release|Any CPU
		{E499B34F-3293-4A7D-9DDE-FE3F63112C1C}.Debug|Any CPU.ActiveCfg = Debug|Any CPU
		{E499B34F-3293-4A7D-9DDE-FE3F63112C1C}.Debug|Any CPU.Build.0 = Debug|Any CPU
		{E499B34F-3293-4A7D-9DDE-FE3F63112C1C}.Release|Any CPU.ActiveCfg = Release|Any CPU
		{E499B34F-3293-4A7D-9DDE-FE3F63112C1C}.Release|Any CPU.Build.0 = Release|Any CPU
		{ED03C765-3253-4589-9F9D-66DA039D1759}.Debug|Any CPU.ActiveCfg = Debug|Any CPU
		{ED03C765-3253-4589-9F9D-66DA039D1759}.Debug|Any CPU.Build.0 = Debug|Any CPU
		{ED03C765-3253-4589-9F9D-66DA039D1759}.Release|Any CPU.ActiveCfg = Release|Any CPU
		{ED03C765-3253-4589-9F9D-66DA039D1759}.Release|Any CPU.Build.0 = Release|Any CPU
	EndGlobalSection
EndGlobal
